
Microsoft Visual Studio Solution File, Format Version 12.00
# Visual Studio Version 17
VisualStudioVersion = 17.8.34525.116
MinimumVisualStudioVersion = 10.0.40219.1
Project("{8BC9CEB8-8B4A-11D0-8D11-00A0C91BC942}") = "MemoryAllocationSim", "MemoryAllocationSim.vcxproj", "{FD40F639-6A6B-492C-9D85-A3A790F98E1E}"
EndProject
Global
	GlobalSection(SolutionConfigurationPlatforms) = preSolution
		Debug|x64 = Debug|x64
		Debug|x86 = Debug|x86
		Release|x64 = Release|x64
		Release|x86 = Release|x86
	EndGlobalSection
	GlobalSection(ProjectConfigurationPlatforms) = postSolution
		{FD40F639-6A6B-492C-9D85-A3A790F98E1E}.Debug|x64.ActiveCfg = Debug|x64
		{FD40F639-6A6B-492C-9D85-A3A790F98E1E}.Debug|x64.Build.0 = Debug|x64
		{FD40F639-6A6B-492C-9D85-A3A790F98E1E}.Debug|x86.ActiveCfg = Debug|Win32
		{FD40F639-6A6B-492C-9D85-A3A790F98E1E}.Debug|x86.Build.0 = Debug|Win32
		{FD40F639-6A6B-492C-9D85-A3A790F98E1E}.Release|x64.ActiveCfg = Release|x64
		{FD40F639-6A6B-492C-9D85-A3A790F98E1E}.Release|x64.Build.0 = Release|x64
		{FD40F639-6A6B-492C-9D85-A3A790F98E1E}.Release|x86.ActiveCfg = Release|Win32
		{FD40F639-6A6B-492C-9D85-A3A790F98E1E}.Release|x86.Build.0 = Release|Win32
	EndGlobalSection
	GlobalSection(SolutionProperties) = preSolution
		HideSolutionNode = FALSE
	EndGlobalSection
	GlobalSection(ExtensibilityGlobals) = postSolution
		SolutionGuid = {3F9A4B27-82F9-4A4B-A85B-A71CF773449B}
	EndGlobalSection
EndGlobal
